// !$*UTF8*$!
{
	archiveVersion = 1;
	classes = {
	};
	objectVersion = 77;
	objects = {

/* Begin PBXContainerItemProxy section */
		8AE26CB02CAA7FA900E9C8CC /* PBXContainerItemProxy */ = {
			isa = PBXContainerItemProxy;
			containerPortal = 8AE26C972CAA7FA700E9C8CC /* Project object */;
			proxyType = 1;
			remoteGlobalIDString = 8AE26C9E2CAA7FA700E9C8CC;
			remoteInfo = TEAM10;
		};
		8AE26CBA2CAA7FA900E9C8CC /* PBXContainerItemProxy */ = {
			isa = PBXContainerItemProxy;
			containerPortal = 8AE26C972CAA7FA700E9C8CC /* Project object */;
			proxyType = 1;
			remoteGlobalIDString = 8AE26C9E2CAA7FA700E9C8CC;
			remoteInfo = TEAM10;
		};
/* End PBXContainerItemProxy section */

/* Begin PBXFileReference section */
		8AE26C9F2CAA7FA700E9C8CC /* TEAM10.app */ = {isa = PBXFileReference; explicitFileType = wrapper.application; includeInIndex = 0; path = TEAM10.app; sourceTree = BUILT_PRODUCTS_DIR; };
		8AE26CAF2CAA7FA900E9C8CC /* TEAM10Tests.xctest */ = {isa = PBXFileReference; explicitFileType = wrapper.cfbundle; includeInIndex = 0; path = TEAM10Tests.xctest; sourceTree = BUILT_PRODUCTS_DIR; };
		8AE26CB92CAA7FA900E9C8CC /* TEAM10UITests.xctest */ = {isa = PBXFileReference; explicitFileType = wrapper.cfbundle; includeInIndex = 0; path = TEAM10UITests.xctest; sourceTree = BUILT_PRODUCTS_DIR; };
/* End PBXFileReference section */

/* Begin PBXFileSystemSynchronizedRootGroup section */
		8AE26CA12CAA7FA700E9C8CC /* TEAM10 */ = {
			isa = PBXFileSystemSynchronizedRootGroup;
			path = TEAM10;
			sourceTree = "<group>";
		};
		8AE26CB22CAA7FA900E9C8CC /* TEAM10Tests */ = {
			isa = PBXFileSystemSynchronizedRootGroup;
			path = TEAM10Tests;
			sourceTree = "<group>";
		};
		8AE26CBC2CAA7FA900E9C8CC /* TEAM10UITests */ = {
			isa = PBXFileSystemSynchronizedRootGroup;
			path = TEAM10UITests;
			sourceTree = "<group>";
		};
/* End PBXFileSystemSynchronizedRootGroup section */

/* Begin PBXFrameworksBuildPhase section */
		8AE26C9C2CAA7FA700E9C8CC /* Frameworks */ = {
			isa = PBXFrameworksBuildPhase;
			buildActionMask = 2147483647;
			files = (
			);
			runOnlyForDeploymentPostprocessing = 0;
		};
		8AE26CAC2CAA7FA900E9C8CC /* Frameworks */ = {
			isa = PBXFrameworksBuildPhase;
			buildActionMask = 2147483647;
			files = (
			);
			runOnlyForDeploymentPostprocessing = 0;
		};
		8AE26CB62CAA7FA900E9C8CC /* Frameworks */ = {
			isa = PBXFrameworksBuildPhase;
			buildActionMask = 2147483647;
			files = (
			);
			runOnlyForDeploymentPostprocessing = 0;
		};
/* End PBXFrameworksBuildPhase section */

/* Begin PBXGroup section */
		8AE26C962CAA7FA700E9C8CC = {
			isa = PBXGroup;
			children = (
				8AE26CA12CAA7FA700E9C8CC /* TEAM10 */,
				8AE26CB22CAA7FA900E9C8CC /* TEAM10Tests */,
				8AE26CBC2CAA7FA900E9C8CC /* TEAM10UITests */,
				8AE26CA02CAA7FA700E9C8CC /* Products */,
			);
			sourceTree = "<group>";
		};
		8AE26CA02CAA7FA700E9C8CC /* Products */ = {
			isa = PBXGroup;
			children = (
				8AE26C9F2CAA7FA700E9C8CC /* TEAM10.app */,
				8AE26CAF2CAA7FA900E9C8CC /* TEAM10Tests.xctest */,
				8AE26CB92CAA7FA900E9C8CC /* TEAM10UITests.xctest */,
			);
			name = Products;
			sourceTree = "<group>";
		};
/* End PBXGroup section */

/* Begin PBXNativeTarget section */
		8AE26C9E2CAA7FA700E9C8CC /* TEAM10 */ = {
			isa = PBXNativeTarget;
			buildConfigurationList = 8AE26CC32CAA7FA900E9C8CC /* Build configuration list for PBXNativeTarget "TEAM10" */;
			buildPhases = (
				8AE26C9B2CAA7FA700E9C8CC /* Sources */,
				8AE26C9C2CAA7FA700E9C8CC /* Frameworks */,
				8AE26C9D2CAA7FA700E9C8CC /* Resources */,
			);
			buildRules = (
			);
			dependencies = (
			);
			fileSystemSynchronizedGroups = (
				8AE26CA12CAA7FA700E9C8CC /* TEAM10 */,
			);
			name = TEAM10;
			packageProductDependencies = (
			);
			productName = TEAM10;
			productReference = 8AE26C9F2CAA7FA700E9C8CC /* TEAM10.app */;
			productType = "com.apple.product-type.application";
		};
		8AE26CAE2CAA7FA900E9C8CC /* TEAM10Tests */ = {
			isa = PBXNativeTarget;
			buildConfigurationList = 8AE26CC62CAA7FA900E9C8CC /* Build configuration list for PBXNativeTarget "TEAM10Tests" */;
			buildPhases = (
				8AE26CAB2CAA7FA900E9C8CC /* Sources */,
				8AE26CAC2CAA7FA900E9C8CC /* Frameworks */,
				8AE26CAD2CAA7FA900E9C8CC /* Resources */,
			);
			buildRules = (
			);
			dependencies = (
				8AE26CB12CAA7FA900E9C8CC /* PBXTargetDependency */,
			);
			fileSystemSynchronizedGroups = (
				8AE26CB22CAA7FA900E9C8CC /* TEAM10Tests */,
			);
			name = TEAM10Tests;
			packageProductDependencies = (
			);
			productName = TEAM10Tests;
			productReference = 8AE26CAF2CAA7FA900E9C8CC /* TEAM10Tests.xctest */;
			productType = "com.apple.product-type.bundle.unit-test";
		};
		8AE26CB82CAA7FA900E9C8CC /* TEAM10UITests */ = {
			isa = PBXNativeTarget;
			buildConfigurationList = 8AE26CC92CAA7FA900E9C8CC /* Build configuration list for PBXNativeTarget "TEAM10UITests" */;
			buildPhases = (
				8AE26CB52CAA7FA900E9C8CC /* Sources */,
				8AE26CB62CAA7FA900E9C8CC /* Frameworks */,
				8AE26CB72CAA7FA900E9C8CC /* Resources */,
			);
			buildRules = (
			);
			dependencies = (
				8AE26CBB2CAA7FA900E9C8CC /* PBXTargetDependency */,
			);
			fileSystemSynchronizedGroups = (
				8AE26CBC2CAA7FA900E9C8CC /* TEAM10UITests */,
			);
			name = TEAM10UITests;
			packageProductDependencies = (
			);
			productName = TEAM10UITests;
			productReference = 8AE26CB92CAA7FA900E9C8CC /* TEAM10UITests.xctest */;
			productType = "com.apple.product-type.bundle.ui-testing";
		};
/* End PBXNativeTarget section */

/* Begin PBXProject section */
		8AE26C972CAA7FA700E9C8CC /* Project object */ = {
			isa = PBXProject;
			attributes = {
				BuildIndependentTargetsInParallel = 1;
				LastSwiftUpdateCheck = 1600;
				LastUpgradeCheck = 1600;
				TargetAttributes = {
					8AE26C9E2CAA7FA700E9C8CC = {
						CreatedOnToolsVersion = 16.0;
					};
					8AE26CAE2CAA7FA900E9C8CC = {
						CreatedOnToolsVersion = 16.0;
						TestTargetID = 8AE26C9E2CAA7FA700E9C8CC;
					};
					8AE26CB82CAA7FA900E9C8CC = {
						CreatedOnToolsVersion = 16.0;
						TestTargetID = 8AE26C9E2CAA7FA700E9C8CC;
					};
				};
			};
			buildConfigurationList = 8AE26C9A2CAA7FA700E9C8CC /* Build configuration list for PBXProject "TEAM10" */;
			developmentRegion = en;
			hasScannedForEncodings = 0;
			knownRegions = (
				en,
				Base,
			);
			mainGroup = 8AE26C962CAA7FA700E9C8CC;
			minimizedProjectReferenceProxies = 1;
			preferredProjectObjectVersion = 77;
			productRefGroup = 8AE26CA02CAA7FA700E9C8CC /* Products */;
			projectDirPath = "";
			projectRoot = "";
			targets = (
				8AE26C9E2CAA7FA700E9C8CC /* TEAM10 */,
				8AE26CAE2CAA7FA900E9C8CC /* TEAM10Tests */,
				8AE26CB82CAA7FA900E9C8CC /* TEAM10UITests */,
			);
		};
/* End PBXProject section */

/* Begin PBXResourcesBuildPhase section */
		8AE26C9D2CAA7FA700E9C8CC /* Resources */ = {
			isa = PBXResourcesBuildPhase;
			buildActionMask = 2147483647;
			files = (
			);
			runOnlyForDeploymentPostprocessing = 0;
		};
		8AE26CAD2CAA7FA900E9C8CC /* Resources */ = {
			isa = PBXResourcesBuildPhase;
			buildActionMask = 2147483647;
			files = (
			);
			runOnlyForDeploymentPostprocessing = 0;
		};
		8AE26CB72CAA7FA900E9C8CC /* Resources */ = {
			isa = PBXResourcesBuildPhase;
			buildActionMask = 2147483647;
			files = (
			);
			runOnlyForDeploymentPostprocessing = 0;
		};
/* End PBXResourcesBuildPhase section */

/* Begin PBXSourcesBuildPhase section */
		8AE26C9B2CAA7FA700E9C8CC /* Sources */ = {
			isa = PBXSourcesBuildPhase;
			buildActionMask = 2147483647;
			files = (
			);
			runOnlyForDeploymentPostprocessing = 0;
		};
		8AE26CAB2CAA7FA900E9C8CC /* Sources */ = {
			isa = PBXSourcesBuildPhase;
			buildActionMask = 2147483647;
			files = (
			);
			runOnlyForDeploymentPostprocessing = 0;
		};
		8AE26CB52CAA7FA900E9C8CC /* Sources */ = {
			isa = PBXSourcesBuildPhase;
			buildActionMask = 2147483647;
			files = (
			);
			runOnlyForDeploymentPostprocessing = 0;
		};
/* End PBXSourcesBuildPhase section */

/* Begin PBXTargetDependency section */
		8AE26CB12CAA7FA900E9C8CC /* PBXTargetDependency */ = {
			isa = PBXTargetDependency;
			target = 8AE26C9E2CAA7FA700E9C8CC /* TEAM10 */;
			targetProxy = 8AE26CB02CAA7FA900E9C8CC /* PBXContainerItemProxy */;
		};
		8AE26CBB2CAA7FA900E9C8CC /* PBXTargetDependency */ = {
			isa = PBXTargetDependency;
			target = 8AE26C9E2CAA7FA700E9C8CC /* TEAM10 */;
			targetProxy = 8AE26CBA2CAA7FA900E9C8CC /* PBXContainerItemProxy */;
		};
/* End PBXTargetDependency section */

/* Begin XCBuildConfiguration section */
		8AE26CC12CAA7FA900E9C8CC /* Debug */ = {
			isa = XCBuildConfiguration;
			buildSettings = {
				ALWAYS_SEARCH_USER_PATHS = NO;
				ASSETCATALOG_COMPILER_GENERATE_SWIFT_ASSET_SYMBOL_EXTENSIONS = YES;
				CLANG_ANALYZER_NONNULL = YES;
				CLANG_ANALYZER_NUMBER_OBJECT_CONVERSION = YES_AGGRESSIVE;
				CLANG_CXX_LANGUAGE_STANDARD = "gnu++20";
				CLANG_ENABLE_MODULES = YES;
				CLANG_ENABLE_OBJC_ARC = YES;
				CLANG_ENABLE_OBJC_WEAK = YES;
				CLANG_WARN_BLOCK_CAPTURE_AUTORELEASING = YES;
				CLANG_WARN_BOOL_CONVERSION = YES;
				CLANG_WARN_COMMA = YES;
				CLANG_WARN_CONSTANT_CONVERSION = YES;
				CLANG_WARN_DEPRECATED_OBJC_IMPLEMENTATIONS = YES;
				CLANG_WARN_DIRECT_OBJC_ISA_USAGE = YES_ERROR;
				CLANG_WARN_DOCUMENTATION_COMMENTS = YES;
				CLANG_WARN_EMPTY_BODY = YES;
				CLANG_WARN_ENUM_CONVERSION = YES;
				CLANG_WARN_INFINITE_RECURSION = YES;
				CLANG_WARN_INT_CONVERSION = YES;
				CLANG_WARN_NON_LITERAL_NULL_CONVERSION = YES;
				CLANG_WARN_OBJC_IMPLICIT_RETAIN_SELF = YES;
				CLANG_WARN_OBJC_LITERAL_CONVERSION = YES;
				CLANG_WARN_OBJC_ROOT_CLASS = YES_ERROR;
				CLANG_WARN_QUOTED_INCLUDE_IN_FRAMEWORK_HEADER = YES;
				CLANG_WARN_RANGE_LOOP_ANALYSIS = YES;
				CLANG_WARN_STRICT_PROTOTYPES = YES;
				CLANG_WARN_SUSPICIOUS_MOVE = YES;
				CLANG_WARN_UNGUARDED_AVAILABILITY = YES_AGGRESSIVE;
				CLANG_WARN_UNREACHABLE_CODE = YES;
				CLANG_WARN__DUPLICATE_METHOD_MATCH = YES;
				COPY_PHASE_STRIP = NO;
				DEBUG_INFORMATION_FORMAT = dwarf;
				ENABLE_STRICT_OBJC_MSGSEND = YES;
				ENABLE_TESTABILITY = YES;
				ENABLE_USER_SCRIPT_SANDBOXING = YES;
				GCC_C_LANGUAGE_STANDARD = gnu17;
				GCC_DYNAMIC_NO_PIC = NO;
				GCC_NO_COMMON_BLOCKS = YES;
				GCC_OPTIMIZATION_LEVEL = 0;
				GCC_PREPROCESSOR_DEFINITIONS = (
					"DEBUG=1",
					"$(inherited)",
				);
				GCC_WARN_64_TO_32_BIT_CONVERSION = YES;
				GCC_WARN_ABOUT_RETURN_TYPE = YES_ERROR;
				GCC_WARN_UNDECLARED_SELECTOR = YES;
				GCC_WARN_UNINITIALIZED_AUTOS = YES_AGGRESSIVE;
				GCC_WARN_UNUSED_FUNCTION = YES;
				GCC_WARN_UNUSED_VARIABLE = YES;
				IPHONEOS_DEPLOYMENT_TARGET = 18.0;
				LOCALIZATION_PREFERS_STRING_CATALOGS = YES;
				MTL_ENABLE_DEBUG_INFO = INCLUDE_SOURCE;
				MTL_FAST_MATH = YES;
				ONLY_ACTIVE_ARCH = YES;
				SDKROOT = iphoneos;
				SWIFT_ACTIVE_COMPILATION_CONDITIONS = "DEBUG $(inherited)";
				SWIFT_OPTIMIZATION_LEVEL = "-Onone";
			};
			name = Debug;
		};
		8AE26CC22CAA7FA900E9C8CC /* Release */ = {
			isa = XCBuildConfiguration;
			buildSettings = {
				ALWAYS_SEARCH_USER_PATHS = NO;
				ASSETCATALOG_COMPILER_GENERATE_SWIFT_ASSET_SYMBOL_EXTENSIONS = YES;
				CLANG_ANALYZER_NONNULL = YES;
				CLANG_ANALYZER_NUMBER_OBJECT_CONVERSION = YES_AGGRESSIVE;
				CLANG_CXX_LANGUAGE_STANDARD = "gnu++20";
				CLANG_ENABLE_MODULES = YES;
				CLANG_ENABLE_OBJC_ARC = YES;
				CLANG_ENABLE_OBJC_WEAK = YES;
				CLANG_WARN_BLOCK_CAPTURE_AUTORELEASING = YES;
				CLANG_WARN_BOOL_CONVERSION = YES;
				CLANG_WARN_COMMA = YES;
				CLANG_WARN_CONSTANT_CONVERSION = YES;
				CLANG_WARN_DEPRECATED_OBJC_IMPLEMENTATIONS = YES;
				CLANG_WARN_DIRECT_OBJC_ISA_USAGE = YES_ERROR;
				CLANG_WARN_DOCUMENTATION_COMMENTS = YES;
				CLANG_WARN_EMPTY_BODY = YES;
				CLANG_WARN_ENUM_CONVERSION = YES;
				CLANG_WARN_INFINITE_RECURSION = YES;
				CLANG_WARN_INT_CONVERSION = YES;
				CLANG_WARN_NON_LITERAL_NULL_CONVERSION = YES;
				CLANG_WARN_OBJC_IMPLICIT_RETAIN_SELF = YES;
				CLANG_WARN_OBJC_LITERAL_CONVERSION = YES;
				CLANG_WARN_OBJC_ROOT_CLASS = YES_ERROR;
				CLANG_WARN_QUOTED_INCLUDE_IN_FRAMEWORK_HEADER = YES;
				CLANG_WARN_RANGE_LOOP_ANALYSIS = YES;
				CLANG_WARN_STRICT_PROTOTYPES = YES;
				CLANG_WARN_SUSPICIOUS_MOVE = YES;
				CLANG_WARN_UNGUARDED_AVAILABILITY = YES_AGGRESSIVE;
				CLANG_WARN_UNREACHABLE_CODE = YES;
				CLANG_WARN__DUPLICATE_METHOD_MATCH = YES;
				COPY_PHASE_STRIP = NO;
				DEBUG_INFORMATION_FORMAT = "dwarf-with-dsym";
				ENABLE_NS_ASSERTIONS = NO;
				ENABLE_STRICT_OBJC_MSGSEND = YES;
				ENABLE_USER_SCRIPT_SANDBOXING = YES;
				GCC_C_LANGUAGE_STANDARD = gnu17;
				GCC_NO_COMMON_BLOCKS = YES;
				GCC_WARN_64_TO_32_BIT_CONVERSION = YES;
				GCC_WARN_ABOUT_RETURN_TYPE = YES_ERROR;
				GCC_WARN_UNDECLARED_SELECTOR = YES;
				GCC_WARN_UNINITIALIZED_AUTOS = YES_AGGRESSIVE;
				GCC_WARN_UNUSED_FUNCTION = YES;
				GCC_WARN_UNUSED_VARIABLE = YES;
				IPHONEOS_DEPLOYMENT_TARGET = 18.0;
				LOCALIZATION_PREFERS_STRING_CATALOGS = YES;
				MTL_ENABLE_DEBUG_INFO = NO;
				MTL_FAST_MATH = YES;
				SDKROOT = iphoneos;
				SWIFT_COMPILATION_MODE = wholemodule;
				VALIDATE_PRODUCT = YES;
			};
			name = Release;
		};
		8AE26CC42CAA7FA900E9C8CC /* Debug */ = {
			isa = XCBuildConfiguration;
			buildSettings = {
				ASSETCATALOG_COMPILER_APPICON_NAME = AppIcon;
				ASSETCATALOG_COMPILER_GLOBAL_ACCENT_COLOR_NAME = AccentColor;
				CODE_SIGN_STYLE = Automatic;
				CURRENT_PROJECT_VERSION = 1;
				DEVELOPMENT_ASSET_PATHS = "\"TEAM10/Preview Content\"";
				ENABLE_PREVIEWS = YES;
				GENERATE_INFOPLIST_FILE = YES;
				INFOPLIST_KEY_UIApplicationSceneManifest_Generation = YES;
				INFOPLIST_KEY_UIApplicationSupportsIndirectInputEvents = YES;
				INFOPLIST_KEY_UILaunchScreen_Generation = YES;
				INFOPLIST_KEY_UISupportedInterfaceOrientations_iPad = "UIInterfaceOrientationPortrait UIInterfaceOrientationPortraitUpsideDown UIInterfaceOrientationLandscapeLeft UIInterfaceOrientationLandscapeRight";
				INFOPLIST_KEY_UISupportedInterfaceOrientations_iPhone = "UIInterfaceOrientationPortrait UIInterfaceOrientationLandscapeLeft UIInterfaceOrientationLandscapeRight";
				LD_RUNPATH_SEARCH_PATHS = (
					"$(inherited)",
					"@executable_path/Frameworks",
				);
				MARKETING_VERSION = 1.0;
				PRODUCT_BUNDLE_IDENTIFIER = com.Nada.TEAM10;
				PRODUCT_NAME = "$(TARGET_NAME)";
				SWIFT_EMIT_LOC_STRINGS = YES;
				SWIFT_VERSION = 5.0;
				TARGETED_DEVICE_FAMILY = "1,2";
			};
			name = Debug;
		};
		8AE26CC52CAA7FA900E9C8CC /* Release */ = {
			isa = XCBuildConfiguration;
			buildSettings = {
				ASSETCATALOG_COMPILER_APPICON_NAME = AppIcon;
				ASSETCATALOG_COMPILER_GLOBAL_ACCENT_COLOR_NAME = AccentColor;
				CODE_SIGN_STYLE = Automatic;
				CURRENT_PROJECT_VERSION = 1;
				DEVELOPMENT_ASSET_PATHS = "\"TEAM10/Preview Content\"";
				ENABLE_PREVIEWS = YES;
				GENERATE_INFOPLIST_FILE = YES;
				INFOPLIST_KEY_UIApplicationSceneManifest_Generation = YES;
				INFOPLIST_KEY_UIApplicationSupportsIndirectInputEvents = YES;
				INFOPLIST_KEY_UILaunchScreen_Generation = YES;
				INFOPLIST_KEY_UISupportedInterfaceOrientations_iPad = "UIInterfaceOrientationPortrait UIInterfaceOrientationPortraitUpsideDown UIInterfaceOrientationLandscapeLeft UIInterfaceOrientationLandscapeRight";
				INFOPLIST_KEY_UISupportedInterfaceOrientations_iPhone = "UIInterfaceOrientationPortrait UIInterfaceOrientationLandscapeLeft UIInterfaceOrientationLandscapeRight";
				LD_RUNPATH_SEARCH_PATHS = (
					"$(inherited)",
					"@executable_path/Frameworks",
				);
				MARKETING_VERSION = 1.0;
				PRODUCT_BUNDLE_IDENTIFIER = com.Nada.TEAM10;
				PRODUCT_NAME = "$(TARGET_NAME)";
				SWIFT_EMIT_LOC_STRINGS = YES;
				SWIFT_VERSION = 5.0;
				TARGETED_DEVICE_FAMILY = "1,2";
			};
			name = Release;
		};
		8AE26CC72CAA7FA900E9C8CC /* Debug */ = {
			isa = XCBuildConfiguration;
			buildSettings = {
				BUNDLE_LOADER = "$(TEST_HOST)";
				CODE_SIGN_STYLE = Automatic;
				CURRENT_PROJECT_VERSION = 1;
				GENERATE_INFOPLIST_FILE = YES;
				IPHONEOS_DEPLOYMENT_TARGET = 18.0;
				MARKETING_VERSION = 1.0;
				PRODUCT_BUNDLE_IDENTIFIER = com.Nada.TEAM10Tests;
				PRODUCT_NAME = "$(TARGET_NAME)";
				SWIFT_EMIT_LOC_STRINGS = NO;
				SWIFT_VERSION = 5.0;
				TARGETED_DEVICE_FAMILY = "1,2";
				TEST_HOST = "$(BUILT_PRODUCTS_DIR)/TEAM10.app/$(BUNDLE_EXECUTABLE_FOLDER_PATH)/TEAM10";
			};
			name = Debug;
		};
		8AE26CC82CAA7FA900E9C8CC /* Release */ = {
			isa = XCBuildConfiguration;
			buildSettings = {
				BUNDLE_LOADER = "$(TEST_HOST)";
				CODE_SIGN_STYLE = Automatic;
				CURRENT_PROJECT_VERSION = 1;
				GENERATE_INFOPLIST_FILE = YES;
				IPHONEOS_DEPLOYMENT_TARGET = 18.0;
				MARKETING_VERSION = 1.0;
				PRODUCT_BUNDLE_IDENTIFIER = com.Nada.TEAM10Tests;
				PRODUCT_NAME = "$(TARGET_NAME)";
				SWIFT_EMIT_LOC_STRINGS = NO;
				SWIFT_VERSION = 5.0;
				TARGETED_DEVICE_FAMILY = "1,2";
				TEST_HOST = "$(BUILT_PRODUCTS_DIR)/TEAM10.app/$(BUNDLE_EXECUTABLE_FOLDER_PATH)/TEAM10";
			};
			name = Release;
		};
		8AE26CCA2CAA7FA900E9C8CC /* Debug */ = {
			isa = XCBuildConfiguration;
			buildSettings = {
				CODE_SIGN_STYLE = Automatic;
				CURRENT_PROJECT_VERSION = 1;
				GENERATE_INFOPLIST_FILE = YES;
				MARKETING_VERSION = 1.0;
				PRODUCT_BUNDLE_IDENTIFIER = com.Nada.TEAM10UITests;
				PRODUCT_NAME = "$(TARGET_NAME)";
				SWIFT_EMIT_LOC_STRINGS = NO;
				SWIFT_VERSION = 5.0;
				TARGETED_DEVICE_FAMILY = "1,2";
				TEST_TARGET_NAME = TEAM10;
			};
			name = Debug;
		};
		8AE26CCB2CAA7FA900E9C8CC /* Release */ = {
			isa = XCBuildConfiguration;
			buildSettings = {
				CODE_SIGN_STYLE = Automatic;
				CURRENT_PROJECT_VERSION = 1;
				GENERATE_INFOPLIST_FILE = YES;
				MARKETING_VERSION = 1.0;
				PRODUCT_BUNDLE_IDENTIFIER = com.Nada.TEAM10UITests;
				PRODUCT_NAME = "$(TARGET_NAME)";
				SWIFT_EMIT_LOC_STRINGS = NO;
				SWIFT_VERSION = 5.0;
				TARGETED_DEVICE_FAMILY = "1,2";
				TEST_TARGET_NAME = TEAM10;
			};
			name = Release;
		};
/* End XCBuildConfiguration section */

/* Begin XCConfigurationList section */
		8AE26C9A2CAA7FA700E9C8CC /* Build configuration list for PBXProject "TEAM10" */ = {
			isa = XCConfigurationList;
			buildConfigurations = (
				8AE26CC12CAA7FA900E9C8CC /* Debug */,
				8AE26CC22CAA7FA900E9C8CC /* Release */,
			);
			defaultConfigurationIsVisible = 0;
			defaultConfigurationName = Release;
		};
		8AE26CC32CAA7FA900E9C8CC /* Build configuration list for PBXNativeTarget "TEAM10" */ = {
			isa = XCConfigurationList;
			buildConfigurations = (
				8AE26CC42CAA7FA900E9C8CC /* Debug */,
				8AE26CC52CAA7FA900E9C8CC /* Release */,
			);
			defaultConfigurationIsVisible = 0;
			defaultConfigurationName = Release;
		};
		8AE26CC62CAA7FA900E9C8CC /* Build configuration list for PBXNativeTarget "TEAM10Tests" */ = {
			isa = XCConfigurationList;
			buildConfigurations = (
				8AE26CC72CAA7FA900E9C8CC /* Debug */,
				8AE26CC82CAA7FA900E9C8CC /* Release */,
			);
			defaultConfigurationIsVisible = 0;
			defaultConfigurationName = Release;
		};
		8AE26CC92CAA7FA900E9C8CC /* Build configuration list for PBXNativeTarget "TEAM10UITests" */ = {
			isa = XCConfigurationList;
			buildConfigurations = (
				8AE26CCA2CAA7FA900E9C8CC /* Debug */,
				8AE26CCB2CAA7FA900E9C8CC /* Release */,
			);
			defaultConfigurationIsVisible = 0;
			defaultConfigurationName = Release;
		};
/* End XCConfigurationList section */
	};
	rootObject = 8AE26C972CAA7FA700E9C8CC /* Project object */;
}
